
Microsoft Visual Studio Solution File, Format Version 12.00
# Visual Studio 15
VisualStudioVersion = 15.0.28307.779
MinimumVisualStudioVersion = 10.0.40219.1
Project("{8BC9CEB8-8B4A-11D0-8D11-00A0C91BC942}") = "Concrete", "Concrete\Concrete.vcxproj", "{58200BD3-7267-41D4-B0C1-2ED1F59AC700}"
EndProject
Global
	GlobalSection(SolutionConfigurationPlatforms) = preSolution
		Debug|x64 = Debug|x64
		Debug|x86 = Debug|x86
		Release|x64 = Release|x64
		Release|x86 = Release|x86
	EndGlobalSection
	GlobalSection(ProjectConfigurationPlatforms) = postSolution
		{58200BD3-7267-41D4-B0C1-2ED1F59AC700}.Debug|x64.ActiveCfg = Debug|x64
		{58200BD3-7267-41D4-B0C1-2ED1F59AC700}.Debug|x64.Build.0 = Debug|x64
		{58200BD3-7267-41D4-B0C1-2ED1F59AC700}.Debug|x86.ActiveCfg = Debug|Win32
		{58200BD3-7267-41D4-B0C1-2ED1F59AC700}.Debug|x86.Build.0 = Debug|Win32
		{58200BD3-7267-41D4-B0C1-2ED1F59AC700}.Release|x64.ActiveCfg = Release|x64
		{58200BD3-7267-41D4-B0C1-2ED1F59AC700}.Release|x64.Build.0 = Release|x64
		{58200BD3-7267-41D4-B0C1-2ED1F59AC700}.Release|x86.ActiveCfg = Release|Win32
		{58200BD3-7267-41D4-B0C1-2ED1F59AC700}.Release|x86.Build.0 = Release|Win32
	EndGlobalSection
	GlobalSection(SolutionProperties) = preSolution
		HideSolutionNode = FALSE
	EndGlobalSection
	GlobalSection(ExtensibilityGlobals) = postSolution
		SolutionGuid = {843FA506-6A6E-4378-9411-871A6D68F20D}
	EndGlobalSection
EndGlobal
